
Microsoft Visual Studio Solution File, Format Version 12.00
# Visual Studio Version 16
VisualStudioVersion = 16.0.31313.79
MinimumVisualStudioVersion = 10.0.40219.1
Project("{2150E333-8FDC-42A3-9474-1A3956D46DE8}") = "Common", "Common", "{0A924978-0AF8-4D01-A62D-6DD44F0AAB9B}"
EndProject
Project("{2150E333-8FDC-42A3-9474-1A3956D46DE8}") = "UI", "UI", "{F792D934-7288-4F78-B6DD-53CC94BCCAFB}"
EndProject
Project("{2150E333-8FDC-42A3-9474-1A3956D46DE8}") = "Services", "Services", "{149E66FA-ADA1-4B85-A0E1-C7CAACA83F57}"
EndProject
Project("{9A19103F-16F7-4668-BE54-9A1E7A4F7556}") = "WebStore.Domain", "Common\WebStore.Domain\WebStore.Domain.csproj", "{5E3DB2D2-844E-4606-BCBD-9FB64E010449}"
EndProject
Project("{9A19103F-16F7-4668-BE54-9A1E7A4F7556}") = "WebStore", "UI\WebStore\WebStore.csproj", "{F4504F67-8F58-440C-99D4-A54FE4CD5693}"
EndProject
Project("{9A19103F-16F7-4668-BE54-9A1E7A4F7556}") = "WebStore.DAL", "Services\WebStore.DAL\WebStore.DAL.csproj", "{CE96C815-87F1-4C1B-89D2-032850FC60DF}"
EndProject
Project("{9A19103F-16F7-4668-BE54-9A1E7A4F7556}") = "WebStore.DAL.SqLite", "Services\WebStore.DAL.SqLite\WebStore.DAL.SqLite\WebStore.DAL.SqLite.csproj", "{B55251BE-9EDD-470D-8543-3ECB9226FA10}"
EndProject
Project("{FAE04EC0-301F-11D3-BF4B-00C04F79EFBC}") = "WebStore.Inerfaces", "Services\WebStore.Inerfaces\WebStore.Inerfaces.csproj", "{E187F734-A8DB-45B4-A8E4-ADA04FF0AB03}"
EndProject
Global
	GlobalSection(SolutionConfigurationPlatforms) = preSolution
		Debug|Any CPU = Debug|Any CPU
		Release|Any CPU = Release|Any CPU
	EndGlobalSection
	GlobalSection(ProjectConfigurationPlatforms) = postSolution
		{5E3DB2D2-844E-4606-BCBD-9FB64E010449}.Debug|Any CPU.ActiveCfg = Debug|Any CPU
		{5E3DB2D2-844E-4606-BCBD-9FB64E010449}.Debug|Any CPU.Build.0 = Debug|Any CPU
		{5E3DB2D2-844E-4606-BCBD-9FB64E010449}.Release|Any CPU.ActiveCfg = Release|Any CPU
		{5E3DB2D2-844E-4606-BCBD-9FB64E010449}.Release|Any CPU.Build.0 = Release|Any CPU
		{F4504F67-8F58-440C-99D4-A54FE4CD5693}.Debug|Any CPU.ActiveCfg = Debug|Any CPU
		{F4504F67-8F58-440C-99D4-A54FE4CD5693}.Debug|Any CPU.Build.0 = Debug|Any CPU
		{F4504F67-8F58-440C-99D4-A54FE4CD5693}.Release|Any CPU.ActiveCfg = Release|Any CPU
		{F4504F67-8F58-440C-99D4-A54FE4CD5693}.Release|Any CPU.Build.0 = Release|Any CPU
		{CE96C815-87F1-4C1B-89D2-032850FC60DF}.Debug|Any CPU.ActiveCfg = Debug|Any CPU
		{CE96C815-87F1-4C1B-89D2-032850FC60DF}.Debug|Any CPU.Build.0 = Debug|Any CPU
		{CE96C815-87F1-4C1B-89D2-032850FC60DF}.Release|Any CPU.ActiveCfg = Release|Any CPU
		{CE96C815-87F1-4C1B-89D2-032850FC60DF}.Release|Any CPU.Build.0 = Release|Any CPU
		{B55251BE-9EDD-470D-8543-3ECB9226FA10}.Debug|Any CPU.ActiveCfg = Debug|Any CPU
		{B55251BE-9EDD-470D-8543-3ECB9226FA10}.Debug|Any CPU.Build.0 = Debug|Any CPU
		{B55251BE-9EDD-470D-8543-3ECB9226FA10}.Release|Any CPU.ActiveCfg = Release|Any CPU
		{B55251BE-9EDD-470D-8543-3ECB9226FA10}.Release|Any CPU.Build.0 = Release|Any CPU
		{E187F734-A8DB-45B4-A8E4-ADA04FF0AB03}.Debug|Any CPU.ActiveCfg = Debug|Any CPU
		{E187F734-A8DB-45B4-A8E4-ADA04FF0AB03}.Debug|Any CPU.Build.0 = Debug|Any CPU
		{E187F734-A8DB-45B4-A8E4-ADA04FF0AB03}.Release|Any CPU.ActiveCfg = Release|Any CPU
		{E187F734-A8DB-45B4-A8E4-ADA04FF0AB03}.Release|Any CPU.Build.0 = Release|Any CPU
	EndGlobalSection
	GlobalSection(SolutionProperties) = preSolution
		HideSolutionNode = FALSE
	EndGlobalSection
	GlobalSection(NestedProjects) = preSolution
		{5E3DB2D2-844E-4606-BCBD-9FB64E010449} = {0A924978-0AF8-4D01-A62D-6DD44F0AAB9B}
		{F4504F67-8F58-440C-99D4-A54FE4CD5693} = {F792D934-7288-4F78-B6DD-53CC94BCCAFB}
		{CE96C815-87F1-4C1B-89D2-032850FC60DF} = {149E66FA-ADA1-4B85-A0E1-C7CAACA83F57}
		{B55251BE-9EDD-470D-8543-3ECB9226FA10} = {149E66FA-ADA1-4B85-A0E1-C7CAACA83F57}
		{E187F734-A8DB-45B4-A8E4-ADA04FF0AB03} = {149E66FA-ADA1-4B85-A0E1-C7CAACA83F57}
	EndGlobalSection
	GlobalSection(ExtensibilityGlobals) = postSolution
		SolutionGuid = {8BF4D467-4CAC-448E-9169-4C97339ECA50}
	EndGlobalSection
EndGlobal
